{
  "name": "react-example",
  "version": "0.0.0",
  "lockfileVersion": 3,
  "requires": true,
  "packages": {
    "": {
      "name": "react-example",
      "version": "0.0.0",
      "dependencies": {
        "@google/genai": "^2.4.0",
        "@tailwindcss/vite": "^4.1.14",
        "@vitejs/plugin-react": "^5.0.4",
        "dotenv": "^17.2.3",
        "express": "^4.21.2",
        "firebase": "^12.15.0",
        "lucide-react": "^0.546.0",
        "motion": "^12.23.24",
        "react": "^19.0.1",
        "react-dom": "^19.0.1",
        "vite": "^6.2.3"
      },
      "devDependencies": {
        "@types/express": "^4.17.21",
        "@types/node": "^22.14.0",
        "autoprefixer": "^10.4.21",
        "esbuild": "^0.25.0",
        "tailwindcss": "^4.1.14",
        "tsx": "^4.21.0",
        "typescript": "~5.8.2",
        "vite": "^6.2.3"
      }
    },
        "node_modules/@babel/code-frame": {
      "version": "7.29.7",
      "resolved": "https://registry.npmjs.org/@babel/code-frame/-/code-frame-7.29.7.tgz",
      "integrity": "sha512-Aup7aUOfpbAUg2ROOJN6Iw5f9DMBlzu0mIkm/malLQFN/YQgO48wCj0Kxa3sEHJvPVFg7siR+qRInwXd2qhQKw==",
      "license": "MIT",
      "dependencies": {
        "@babel/helper-validator-identifier": "^7.29.7",
        "js-tokens": "^4.0.0",
        "picocolors": "^1.1.1"
      },
      "engines": {
        "node": ">=6.9.0"
      }
    },
    "node_modules/@babel/compat-data": {
      "version": "7.29.7",
      "resolved": "https://registry.npmjs.org/@babel/compat-data/-/compat-data-7.29.7.tgz",
      "integrity": "sha512-locTkQyKvwIEgBzVrn8693ebc97F2U8ZHjbXwDXJ5Fn2TCpNwTlKcaKLkdHop5c/icOFE7qt7Q9JC5hnKNa6Gg==",
      "license": "MIT",
      "engines": {
        "node": ">=6.9.0"
      }
    },
